
Microsoft Visual Studio Solution File, Format Version 12.00
# Visual Studio Version 16
VisualStudioVersion = 16.0.29519.87
MinimumVisualStudioVersion = 10.0.40219.1
Project("{FAE04EC0-301F-11D3-BF4B-00C04F79EFBC}") = "RongboMvc", "RongboMvc\RongboMvc.csproj", "{F888B36D-F25C-41C4-9D6D-E1655BB41F9B}"
EndProject
Global
	GlobalSection(SolutionConfigurationPlatforms) = preSolution
		Debug|Any CPU = Debug|Any CPU
		Release|Any CPU = Release|Any CPU
	EndGlobalSection
	GlobalSection(ProjectConfigurationPlatforms) = postSolution
		{F888B36D-F25C-41C4-9D6D-E1655BB41F9B}.Debug|Any CPU.ActiveCfg = Debug|Any CPU
		{F888B36D-F25C-41C4-9D6D-E1655BB41F9B}.Debug|Any CPU.Build.0 = Debug|Any CPU
		{F888B36D-F25C-41C4-9D6D-E1655BB41F9B}.Release|Any CPU.ActiveCfg = Release|Any CPU
		{F888B36D-F25C-41C4-9D6D-E1655BB41F9B}.Release|Any CPU.Build.0 = Release|Any CPU
	EndGlobalSection
	GlobalSection(SolutionProperties) = preSolution
		HideSolutionNode = FALSE
	EndGlobalSection
	GlobalSection(ExtensibilityGlobals) = postSolution
		SolutionGuid = {FDDDC974-83C5-444B-973F-39D573F47080}
	EndGlobalSection
EndGlobal
