
Microsoft Visual Studio Solution File, Format Version 12.00
# Visual Studio Version 16
VisualStudioVersion = 16.0.29411.108
MinimumVisualStudioVersion = 10.0.40219.1
Project("{FAE04EC0-301F-11D3-BF4B-00C04F79EFBC}") = "WebMvc", "WebMvc\WebMvc.csproj", "{690A6F33-DB5D-4562-8D70-A1FB082438E0}"
EndProject
Global
	GlobalSection(SolutionConfigurationPlatforms) = preSolution
		Debug|Any CPU = Debug|Any CPU
		Release|Any CPU = Release|Any CPU
	EndGlobalSection
	GlobalSection(ProjectConfigurationPlatforms) = postSolution
		{690A6F33-DB5D-4562-8D70-A1FB082438E0}.Debug|Any CPU.ActiveCfg = Debug|Any CPU
		{690A6F33-DB5D-4562-8D70-A1FB082438E0}.Debug|Any CPU.Build.0 = Debug|Any CPU
		{690A6F33-DB5D-4562-8D70-A1FB082438E0}.Release|Any CPU.ActiveCfg = Release|Any CPU
		{690A6F33-DB5D-4562-8D70-A1FB082438E0}.Release|Any CPU.Build.0 = Release|Any CPU
	EndGlobalSection
	GlobalSection(SolutionProperties) = preSolution
		HideSolutionNode = FALSE
	EndGlobalSection
	GlobalSection(ExtensibilityGlobals) = postSolution
		SolutionGuid = {0755B452-CF42-4E2C-AFA5-2E1D9DB88D13}
	EndGlobalSection
EndGlobal
