
Microsoft Visual Studio Solution File, Format Version 12.00
# Visual Studio Version 16
VisualStudioVersion = 16.0.29519.87
MinimumVisualStudioVersion = 10.0.40219.1
Project("{9A19103F-16F7-4668-BE54-9A1E7A4F7556}") = "RongboMvc", "RongboMvc\RongboMvc.csproj", "{F888B36D-F25C-41C4-9D6D-E1655BB41F9B}"
EndProject
Project("{9A19103F-16F7-4668-BE54-9A1E7A4F7556}") = "Rongbo.Common", "Rongbo.Common\Rongbo.Common.csproj", "{44A7CADF-C172-4B1E-92E7-D8EBC3FF3022}"
EndProject
Project("{9A19103F-16F7-4668-BE54-9A1E7A4F7556}") = "Rongbo.Core", "Rongbo.Core\Rongbo.Core.csproj", "{5AEB9219-C9C4-4501-AB13-D694E9A3ED1A}"
EndProject
Project("{FAE04EC0-301F-11D3-BF4B-00C04F79EFBC}") = "Rongbo.UnitOfWork", "Rongbo.UnitOfWork\Rongbo.UnitOfWork.csproj", "{102C72A5-4248-4475-8124-2D4A90987C0A}"
EndProject
Project("{FAE04EC0-301F-11D3-BF4B-00C04F79EFBC}") = "Rongbo.Repositories", "Rongbo.Repository\Rongbo.Repositories.csproj", "{16405F2D-E17A-4EAF-8C43-7DEA5C6CBD9B}"
EndProject
Project("{FAE04EC0-301F-11D3-BF4B-00C04F79EFBC}") = "Rongbo.Services", "Rongbo.Service\Rongbo.Services.csproj", "{E09C9C30-0100-4126-A92C-52E01306B2F5}"
EndProject
Project("{FAE04EC0-301F-11D3-BF4B-00C04F79EFBC}") = "Rongbo.Entities", "Rongbo.Entity\Rongbo.Entities.csproj", "{A5F454EE-695D-44F3-BFE3-176845116B7A}"
EndProject
Project("{FAE04EC0-301F-11D3-BF4B-00C04F79EFBC}") = "Rongbo.Models", "Rongbo.Model\Rongbo.Models.csproj", "{EB4A6E24-F51F-4C5E-98B6-40691F34233D}"
EndProject
Global
	GlobalSection(SolutionConfigurationPlatforms) = preSolution
		Debug|Any CPU = Debug|Any CPU
		Release|Any CPU = Release|Any CPU
	EndGlobalSection
	GlobalSection(ProjectConfigurationPlatforms) = postSolution
		{F888B36D-F25C-41C4-9D6D-E1655BB41F9B}.Debug|Any CPU.ActiveCfg = Debug|Any CPU
		{F888B36D-F25C-41C4-9D6D-E1655BB41F9B}.Debug|Any CPU.Build.0 = Debug|Any CPU
		{F888B36D-F25C-41C4-9D6D-E1655BB41F9B}.Release|Any CPU.ActiveCfg = Release|Any CPU
		{F888B36D-F25C-41C4-9D6D-E1655BB41F9B}.Release|Any CPU.Build.0 = Release|Any CPU
		{44A7CADF-C172-4B1E-92E7-D8EBC3FF3022}.Debug|Any CPU.ActiveCfg = Debug|Any CPU
		{44A7CADF-C172-4B1E-92E7-D8EBC3FF3022}.Debug|Any CPU.Build.0 = Debug|Any CPU
		{44A7CADF-C172-4B1E-92E7-D8EBC3FF3022}.Release|Any CPU.ActiveCfg = Release|Any CPU
		{44A7CADF-C172-4B1E-92E7-D8EBC3FF3022}.Release|Any CPU.Build.0 = Release|Any CPU
		{5AEB9219-C9C4-4501-AB13-D694E9A3ED1A}.Debug|Any CPU.ActiveCfg = Debug|Any CPU
		{5AEB9219-C9C4-4501-AB13-D694E9A3ED1A}.Debug|Any CPU.Build.0 = Debug|Any CPU
		{5AEB9219-C9C4-4501-AB13-D694E9A3ED1A}.Release|Any CPU.ActiveCfg = Release|Any CPU
		{5AEB9219-C9C4-4501-AB13-D694E9A3ED1A}.Release|Any CPU.Build.0 = Release|Any CPU
		{102C72A5-4248-4475-8124-2D4A90987C0A}.Debug|Any CPU.ActiveCfg = Debug|Any CPU
		{102C72A5-4248-4475-8124-2D4A90987C0A}.Debug|Any CPU.Build.0 = Debug|Any CPU
		{102C72A5-4248-4475-8124-2D4A90987C0A}.Release|Any CPU.ActiveCfg = Release|Any CPU
		{102C72A5-4248-4475-8124-2D4A90987C0A}.Release|Any CPU.Build.0 = Release|Any CPU
		{16405F2D-E17A-4EAF-8C43-7DEA5C6CBD9B}.Debug|Any CPU.ActiveCfg = Debug|Any CPU
		{16405F2D-E17A-4EAF-8C43-7DEA5C6CBD9B}.Debug|Any CPU.Build.0 = Debug|Any CPU
		{16405F2D-E17A-4EAF-8C43-7DEA5C6CBD9B}.Release|Any CPU.ActiveCfg = Release|Any CPU
		{16405F2D-E17A-4EAF-8C43-7DEA5C6CBD9B}.Release|Any CPU.Build.0 = Release|Any CPU
		{E09C9C30-0100-4126-A92C-52E01306B2F5}.Debug|Any CPU.ActiveCfg = Debug|Any CPU
		{E09C9C30-0100-4126-A92C-52E01306B2F5}.Debug|Any CPU.Build.0 = Debug|Any CPU
		{E09C9C30-0100-4126-A92C-52E01306B2F5}.Release|Any CPU.ActiveCfg = Release|Any CPU
		{E09C9C30-0100-4126-A92C-52E01306B2F5}.Release|Any CPU.Build.0 = Release|Any CPU
		{A5F454EE-695D-44F3-BFE3-176845116B7A}.Debug|Any CPU.ActiveCfg = Debug|Any CPU
		{A5F454EE-695D-44F3-BFE3-176845116B7A}.Debug|Any CPU.Build.0 = Debug|Any CPU
		{A5F454EE-695D-44F3-BFE3-176845116B7A}.Release|Any CPU.ActiveCfg = Release|Any CPU
		{A5F454EE-695D-44F3-BFE3-176845116B7A}.Release|Any CPU.Build.0 = Release|Any CPU
		{EB4A6E24-F51F-4C5E-98B6-40691F34233D}.Debug|Any CPU.ActiveCfg = Debug|Any CPU
		{EB4A6E24-F51F-4C5E-98B6-40691F34233D}.Debug|Any CPU.Build.0 = Debug|Any CPU
		{EB4A6E24-F51F-4C5E-98B6-40691F34233D}.Release|Any CPU.ActiveCfg = Release|Any CPU
		{EB4A6E24-F51F-4C5E-98B6-40691F34233D}.Release|Any CPU.Build.0 = Release|Any CPU
	EndGlobalSection
	GlobalSection(SolutionProperties) = preSolution
		HideSolutionNode = FALSE
	EndGlobalSection
	GlobalSection(ExtensibilityGlobals) = postSolution
		SolutionGuid = {FDDDC974-83C5-444B-973F-39D573F47080}
	EndGlobalSection
EndGlobal
